
Microsoft Visual Studio Solution File, Format Version 12.00
# Visual Studio 15
VisualStudioVersion = 15.0.27130.2010
MinimumVisualStudioVersion = 10.0.40219.1
Project("{FAE04EC0-301F-11D3-BF4B-00C04F79EFBC}") = "ToDo-Web-API", "First-Web-API\ToDo-Web-API.csproj", "{6EC4B5A6-5136-41B7-936F-8246E06CB87E}"
EndProject
Project("{FAE04EC0-301F-11D3-BF4B-00C04F79EFBC}") = "DAL.EF", "DAL.EF\DAL.EF.csproj", "{27680384-4F0C-46FC-9090-58FD5CC6D7A1}"
EndProject
Global
	GlobalSection(SolutionConfigurationPlatforms) = preSolution
		Debug|Any CPU = Debug|Any CPU
		Release|Any CPU = Release|Any CPU
	EndGlobalSection
	GlobalSection(ProjectConfigurationPlatforms) = postSolution
		{6EC4B5A6-5136-41B7-936F-8246E06CB87E}.Debug|Any CPU.ActiveCfg = Debug|Any CPU
		{6EC4B5A6-5136-41B7-936F-8246E06CB87E}.Debug|Any CPU.Build.0 = Debug|Any CPU
		{6EC4B5A6-5136-41B7-936F-8246E06CB87E}.Release|Any CPU.ActiveCfg = Release|Any CPU
		{6EC4B5A6-5136-41B7-936F-8246E06CB87E}.Release|Any CPU.Build.0 = Release|Any CPU
		{27680384-4F0C-46FC-9090-58FD5CC6D7A1}.Debug|Any CPU.ActiveCfg = Debug|Any CPU
		{27680384-4F0C-46FC-9090-58FD5CC6D7A1}.Debug|Any CPU.Build.0 = Debug|Any CPU
		{27680384-4F0C-46FC-9090-58FD5CC6D7A1}.Release|Any CPU.ActiveCfg = Release|Any CPU
		{27680384-4F0C-46FC-9090-58FD5CC6D7A1}.Release|Any CPU.Build.0 = Release|Any CPU
	EndGlobalSection
	GlobalSection(SolutionProperties) = preSolution
		HideSolutionNode = FALSE
	EndGlobalSection
	GlobalSection(ExtensibilityGlobals) = postSolution
		SolutionGuid = {EF767D52-ACC5-4B2E-A6C5-4A7B96DD7DFE}
	EndGlobalSection
EndGlobal
